{
  "version": 4,
  "terraform_version": "1.1.3",
  "serial": 23,
  "lineage": "9dc4a058-07a4-6bb9-40f8-1cbe5598f3d4",
  "outputs": {
    "public_ip": {
      "value": "50.19.129.204",
      "type": "string"
    }
  },
  "resources": [
    {
      "module": "module.application",
      "mode": "managed",
      "type": "docker_container",
      "name": "app",
      "provider": "module.application.provider[\"registry.terraform.io/kreuzwerker/docker\"]",
      "instances": [
        {
          "status": "tainted",
          "schema_version": 2,
          "attributes": {
            "attach": false,
            "bridge": null,
            "capabilities": [],
            "command": null,
            "container_logs": null,
            "cpu_set": null,
            "cpu_shares": null,
            "destroy_grace_seconds": null,
            "devices": [],
            "dns": null,
            "dns_opts": null,
            "dns_search": null,
            "domainname": null,
            "entrypoint": null,
            "env": [
              "PORT=4000"
            ],
            "exit_code": null,
            "gateway": null,
            "group_add": null,
            "healthcheck": null,
            "host": [],
            "hostname": null,
            "id": "619a2e95aea736fa521f5237cd4e09a72e1a7f0b383d7d10bfbafee3205f8b05",
            "image": "sha256:8e974b752359bfd7620f0183bd6557905a6bcf8422bd0dd69fd08d2b891d245c",
            "init": null,
            "ip_address": null,
            "ip_prefix_length": null,
            "ipc_mode": null,
            "labels": [],
            "links": null,
            "log_driver": "json-file",
            "log_opts": null,
            "logs": false,
            "max_retry_count": null,
            "memory": null,
            "memory_swap": null,
            "mounts": [],
            "must_run": true,
            "name": "app",
            "network_alias": null,
            "network_data": null,
            "network_mode": null,
            "networks": null,
            "networks_advanced": [],
            "pid_mode": null,
            "ports": [
              {
                "external": 80,
                "internal": 4000,
                "ip": "0.0.0.0",
                "protocol": "tcp"
              }
            ],
            "privileged": null,
            "publish_all_ports": null,
            "read_only": false,
            "remove_volumes": true,
            "restart": "unless-stopped",
            "rm": false,
            "security_opts": [],
            "shm_size": null,
            "start": true,
            "stdin_open": false,
            "sysctls": null,
            "tmpfs": null,
            "tty": false,
            "ulimit": [],
            "upload": [],
            "user": null,
            "userns_mode": null,
            "volumes": [],
            "working_dir": null
          },
          "sensitive_attributes": [],
          "private": "eyJzY2hlbWFfdmVyc2lvbiI6IjIifQ==",
          "dependencies": [
            "module.application.docker_image.app",
            "module.instance.aws_eip.eip"
          ]
        }
      ]
    },
    {
      "module": "module.application",
      "mode": "managed",
      "type": "docker_image",
      "name": "app",
      "provider": "module.application.provider[\"registry.terraform.io/kreuzwerker/docker\"]",
      "instances": [
        {
          "schema_version": 0,
          "attributes": {
            "build": [],
            "force_remove": null,
            "id": "sha256:8e974b752359bfd7620f0183bd6557905a6bcf8422bd0dd69fd08d2b891d245cblogtt/learn:1",
            "keep_locally": null,
            "latest": "sha256:8e974b752359bfd7620f0183bd6557905a6bcf8422bd0dd69fd08d2b891d245c",
            "name": "blogtt/learn:1",
            "output": null,
            "pull_trigger": null,
            "pull_triggers": null
          },
          "sensitive_attributes": [],
          "private": "bnVsbA==",
          "dependencies": [
            "module.instance.aws_eip.eip"
          ]
        }
      ]
    },
    {
      "module": "module.instance",
      "mode": "data",
      "type": "ct_config",
      "name": "config",
      "provider": "provider[\"registry.terraform.io/poseidon/ct\"]",
      "instances": [
        {
          "schema_version": 0,
          "attributes": {
            "content": "variant: fcos\nversion: 1.2.0\npasswd:\n  users:\n  - name: core\n    ssh_authorized_keys:\n    - ssh-rsa AAAAB3NzaC1yc2EAAAADAQABAAABAQDRtC9NnJoYxu6pT26a1czok8xnnebrIxMVfmE7JX4+8m0DgiJzROZWX72AQfnblj1aNuAJSJJqmDnm8iKsgpVytEOgHwRdWsO+8Jr1TeU6wgQzrRQClG8owXsjcxXeHYKKcRa6ulSMLWho7aUaig5PiajdZu7KnPbCswUkGYR6b05RVn6NseSCfaFlOEoyFsnkw9Gt3nl2JdXhlqli5I9ZHdZPWHfdkxZfDo3AExg4tP3/LtUj/NgrDOaj0TOYMW+r3CJOn8V/wbzfG7sMDG5GJMc/4cFWKlUZAlApHm986YxLnrkNbNyUTtKkOsOlBDDs+Q9ArD2g0Kf3eaoPuLN1\n\n    groups:\n      - docker",
            "id": "3310447459",
            "platform": null,
            "pretty_print": false,
            "rendered": "{\"ignition\":{\"version\":\"3.2.0\"},\"passwd\":{\"users\":[{\"groups\":[\"docker\"],\"name\":\"core\",\"sshAuthorizedKeys\":[\"ssh-rsa AAAAB3NzaC1yc2EAAAADAQABAAABAQDRtC9NnJoYxu6pT26a1czok8xnnebrIxMVfmE7JX4+8m0DgiJzROZWX72AQfnblj1aNuAJSJJqmDnm8iKsgpVytEOgHwRdWsO+8Jr1TeU6wgQzrRQClG8owXsjcxXeHYKKcRa6ulSMLWho7aUaig5PiajdZu7KnPbCswUkGYR6b05RVn6NseSCfaFlOEoyFsnkw9Gt3nl2JdXhlqli5I9ZHdZPWHfdkxZfDo3AExg4tP3/LtUj/NgrDOaj0TOYMW+r3CJOn8V/wbzfG7sMDG5GJMc/4cFWKlUZAlApHm986YxLnrkNbNyUTtKkOsOlBDDs+Q9ArD2g0Kf3eaoPuLN1\"]}]}}",
            "snippets": null,
            "strict": true
          },
          "sensitive_attributes": []
        }
      ]
    },
    {
      "module": "module.instance",
      "mode": "managed",
      "type": "aws_eip",
      "name": "eip",
      "provider": "provider[\"registry.terraform.io/hashicorp/aws\"]",
      "instances": [
        {
          "schema_version": 0,
          "attributes": {
            "address": null,
            "allocation_id": "eipalloc-0a8071e8afb652f5b",
            "associate_with_private_ip": null,
            "association_id": "eipassoc-010a4e2e87b201485",
            "carrier_ip": "",
            "customer_owned_ip": "",
            "customer_owned_ipv4_pool": "",
            "domain": "vpc",
            "id": "eipalloc-0a8071e8afb652f5b",
            "instance": "i-0c51491ea8f0b08cf",
            "network_border_group": "us-east-1",
            "network_interface": "eni-04ef512bb364b4fc9",
            "private_dns": "ip-172-31-82-14.ec2.internal",
            "private_ip": "172.31.82.14",
            "public_dns": "ec2-50-19-129-204.compute-1.amazonaws.com",
            "public_ip": "50.19.129.204",
            "public_ipv4_pool": "amazon",
            "tags": {},
            "tags_all": {},
            "timeouts": null,
            "vpc": true
          },
          "sensitive_attributes": [],
          "private": "eyJlMmJmYjczMC1lY2FhLTExZTYtOGY4OC0zNDM2M2JjN2M0YzAiOnsiZGVsZXRlIjoxODAwMDAwMDAwMDAsInJlYWQiOjkwMDAwMDAwMDAwMCwidXBkYXRlIjozMDAwMDAwMDAwMDB9fQ=="
        }
      ]
    },
    {
      "module": "module.instance",
      "mode": "managed",
      "type": "aws_eip_association",
      "name": "eip_assoc",
      "provider": "provider[\"registry.terraform.io/hashicorp/aws\"]",
      "instances": [
        {
          "schema_version": 0,
          "attributes": {
            "allocation_id": "eipalloc-0a8071e8afb652f5b",
            "allow_reassociation": null,
            "id": "eipassoc-0755405706a1394f8",
            "instance_id": "i-0e303e98506455b03",
            "network_interface_id": "eni-078a35290396fdcea",
            "private_ip_address": "172.31.86.30",
            "public_ip": "50.19.129.204"
          },
          "sensitive_attributes": [],
          "private": "bnVsbA==",
          "dependencies": [
            "module.instance.aws_eip.eip",
            "module.instance.aws_instance.app_server",
            "module.instance.data.ct_config.config",
            "module.networking.module.ec2_sg.aws_security_group.this",
            "module.networking.module.ec2_sg.aws_security_group.this_name_prefix",
            "module.ssh.tls_private_key.test"
          ]
        }
      ]
    },
    {
      "module": "module.instance",
      "mode": "managed",
      "type": "aws_instance",
      "name": "app_server",
      "provider": "provider[\"registry.terraform.io/hashicorp/aws\"]",
      "instances": [
        {
          "schema_version": 1,
          "attributes": {
            "ami": "ami-09e2e5104f310ffb5",
            "arn": "arn:aws:ec2:us-east-1:940929664111:instance/i-0e303e98506455b03",
            "associate_public_ip_address": true,
            "availability_zone": "us-east-1a",
            "capacity_reservation_specification": [
              {
                "capacity_reservation_preference": "open",
                "capacity_reservation_target": []
              }
            ],
            "cpu_core_count": 1,
            "cpu_threads_per_core": 1,
            "credit_specification": [
              {
                "cpu_credits": "standard"
              }
            ],
            "disable_api_termination": false,
            "ebs_block_device": [],
            "ebs_optimized": false,
            "enclave_options": [
              {
                "enabled": false
              }
            ],
            "ephemeral_block_device": [],
            "get_password_data": false,
            "hibernation": false,
            "host_id": null,
            "iam_instance_profile": "",
            "id": "i-0e303e98506455b03",
            "instance_initiated_shutdown_behavior": "stop",
            "instance_state": "running",
            "instance_type": "t2.micro",
            "ipv6_address_count": 0,
            "ipv6_addresses": [],
            "key_name": "",
            "launch_template": [],
            "metadata_options": [
              {
                "http_endpoint": "enabled",
                "http_put_response_hop_limit": 1,
                "http_tokens": "optional",
                "instance_metadata_tags": "disabled"
              }
            ],
            "monitoring": false,
            "network_interface": [],
            "outpost_arn": "",
            "password_data": "",
            "placement_group": "",
            "placement_partition_number": null,
            "primary_network_interface_id": "eni-078a35290396fdcea",
            "private_dns": "ip-172-31-86-30.ec2.internal",
            "private_ip": "172.31.86.30",
            "public_dns": "ec2-44-202-103-136.compute-1.amazonaws.com",
            "public_ip": "44.202.103.136",
            "root_block_device": [
              {
                "delete_on_termination": true,
                "device_name": "/dev/xvda",
                "encrypted": false,
                "iops": 100,
                "kms_key_id": "",
                "tags": {},
                "throughput": 0,
                "volume_id": "vol-06c1546cd743454d7",
                "volume_size": 10,
                "volume_type": "gp2"
              }
            ],
            "secondary_private_ips": [],
            "security_groups": [
              "ec2_sg-20220207052538895100000001"
            ],
            "source_dest_check": true,
            "subnet_id": "subnet-08a33d44a80f62e57",
            "tags": {
              "Name": "Study AppServer"
            },
            "tags_all": {
              "Name": "Study AppServer"
            },
            "tenancy": "default",
            "timeouts": null,
            "user_data": "5af7bc579a5ba390b20cb48e21d4ab7ae93ca6f3",
            "user_data_base64": null,
            "volume_tags": null,
            "vpc_security_group_ids": [
              "sg-05b69171f62d0d26f"
            ]
          },
          "sensitive_attributes": [],
          "private": "eyJlMmJmYjczMC1lY2FhLTExZTYtOGY4OC0zNDM2M2JjN2M0YzAiOnsiY3JlYXRlIjo2MDAwMDAwMDAwMDAsImRlbGV0ZSI6MTIwMDAwMDAwMDAwMCwidXBkYXRlIjo2MDAwMDAwMDAwMDB9LCJzY2hlbWFfdmVyc2lvbiI6IjEifQ==",
          "dependencies": [
            "module.instance.data.ct_config.config",
            "module.networking.module.ec2_sg.aws_security_group.this",
            "module.networking.module.ec2_sg.aws_security_group.this_name_prefix",
            "module.ssh.tls_private_key.test"
          ]
        }
      ]
    },
    {
      "module": "module.networking",
      "mode": "data",
      "type": "aws_vpc",
      "name": "default",
      "provider": "provider[\"registry.terraform.io/hashicorp/aws\"]",
      "instances": [
        {
          "schema_version": 0,
          "attributes": {
            "arn": "arn:aws:ec2:us-east-1:940929664111:vpc/vpc-06dbe5d5c9732a64e",
            "cidr_block": "172.31.0.0/16",
            "cidr_block_associations": [
              {
                "association_id": "vpc-cidr-assoc-0715f7e76675a0ba0",
                "cidr_block": "172.31.0.0/16",
                "state": "associated"
              }
            ],
            "default": true,
            "dhcp_options_id": "dopt-012dfc367fa0b1c7c",
            "enable_dns_hostnames": true,
            "enable_dns_support": true,
            "filter": null,
            "id": "vpc-06dbe5d5c9732a64e",
            "instance_tenancy": "default",
            "ipv6_association_id": "",
            "ipv6_cidr_block": "",
            "main_route_table_id": "rtb-0e91c9ea2a5dd7946",
            "owner_id": "940929664111",
            "state": null,
            "tags": {}
          },
          "sensitive_attributes": []
        }
      ]
    },
    {
      "module": "module.networking.module.ec2_sg",
      "mode": "managed",
      "type": "aws_security_group",
      "name": "this_name_prefix",
      "provider": "provider[\"registry.terraform.io/hashicorp/aws\"]",
      "instances": [
        {
          "index_key": 0,
          "schema_version": 1,
          "attributes": {
            "arn": "arn:aws:ec2:us-east-1:940929664111:security-group/sg-05b69171f62d0d26f",
            "description": "Security group for ec2_sg",
            "egress": [
              {
                "cidr_blocks": [
                  "0.0.0.0/0"
                ],
                "description": "All protocols",
                "from_port": 0,
                "ipv6_cidr_blocks": [
                  "::/0"
                ],
                "prefix_list_ids": [],
                "protocol": "-1",
                "security_groups": [],
                "self": false,
                "to_port": 0
              }
            ],
            "id": "sg-05b69171f62d0d26f",
            "ingress": [
              {
                "cidr_blocks": [
                  "0.0.0.0/0"
                ],
                "description": "All IPV4 ICMP",
                "from_port": -1,
                "ipv6_cidr_blocks": [],
                "prefix_list_ids": [],
                "protocol": "icmp",
                "security_groups": [],
                "self": false,
                "to_port": -1
              },
              {
                "cidr_blocks": [
                  "0.0.0.0/0"
                ],
                "description": "HTTP",
                "from_port": 80,
                "ipv6_cidr_blocks": [],
                "prefix_list_ids": [],
                "protocol": "tcp",
                "security_groups": [],
                "self": false,
                "to_port": 80
              },
              {
                "cidr_blocks": [
                  "0.0.0.0/0"
                ],
                "description": "HTTPS",
                "from_port": 443,
                "ipv6_cidr_blocks": [],
                "prefix_list_ids": [],
                "protocol": "tcp",
                "security_groups": [],
                "self": false,
                "to_port": 443
              },
              {
                "cidr_blocks": [
                  "0.0.0.0/0"
                ],
                "description": "SSH",
                "from_port": 22,
                "ipv6_cidr_blocks": [],
                "prefix_list_ids": [],
                "protocol": "tcp",
                "security_groups": [],
                "self": false,
                "to_port": 22
              }
            ],
            "name": "ec2_sg-20220207052538895100000001",
            "name_prefix": "ec2_sg-",
            "owner_id": "940929664111",
            "revoke_rules_on_delete": false,
            "tags": {
              "Name": "ec2_sg"
            },
            "tags_all": {
              "Name": "ec2_sg"
            },
            "timeouts": {
              "create": "10m",
              "delete": "15m"
            },
            "vpc_id": "vpc-06dbe5d5c9732a64e"
          },
          "sensitive_attributes": [],
          "private": "eyJlMmJmYjczMC1lY2FhLTExZTYtOGY4OC0zNDM2M2JjN2M0YzAiOnsiY3JlYXRlIjo2MDAwMDAwMDAwMDAsImRlbGV0ZSI6OTAwMDAwMDAwMDAwfSwic2NoZW1hX3ZlcnNpb24iOiIxIn0=",
          "dependencies": [
            "module.networking.data.aws_vpc.default"
          ],
          "create_before_destroy": true
        }
      ]
    },
    {
      "module": "module.networking.module.ec2_sg",
      "mode": "managed",
      "type": "aws_security_group_rule",
      "name": "egress_rules",
      "provider": "provider[\"registry.terraform.io/hashicorp/aws\"]",
      "instances": [
        {
          "index_key": 0,
          "schema_version": 2,
          "attributes": {
            "cidr_blocks": [
              "0.0.0.0/0"
            ],
            "description": "All protocols",
            "from_port": 0,
            "id": "sgrule-4200199286",
            "ipv6_cidr_blocks": [
              "::/0"
            ],
            "prefix_list_ids": [],
            "protocol": "-1",
            "security_group_id": "sg-05b69171f62d0d26f",
            "self": false,
            "source_security_group_id": null,
            "to_port": 0,
            "type": "egress"
          },
          "sensitive_attributes": [],
          "private": "eyJzY2hlbWFfdmVyc2lvbiI6IjIifQ==",
          "dependencies": [
            "module.networking.data.aws_vpc.default",
            "module.networking.module.ec2_sg.aws_security_group.this",
            "module.networking.module.ec2_sg.aws_security_group.this_name_prefix"
          ]
        }
      ]
    },
    {
      "module": "module.networking.module.ec2_sg",
      "mode": "managed",
      "type": "aws_security_group_rule",
      "name": "ingress_rules",
      "provider": "provider[\"registry.terraform.io/hashicorp/aws\"]",
      "instances": [
        {
          "index_key": 0,
          "schema_version": 2,
          "attributes": {
            "cidr_blocks": [
              "0.0.0.0/0"
            ],
            "description": "HTTP",
            "from_port": 80,
            "id": "sgrule-1311135390",
            "ipv6_cidr_blocks": [],
            "prefix_list_ids": [],
            "protocol": "tcp",
            "security_group_id": "sg-05b69171f62d0d26f",
            "self": false,
            "source_security_group_id": null,
            "to_port": 80,
            "type": "ingress"
          },
          "sensitive_attributes": [],
          "private": "eyJzY2hlbWFfdmVyc2lvbiI6IjIifQ==",
          "dependencies": [
            "module.networking.data.aws_vpc.default",
            "module.networking.module.ec2_sg.aws_security_group.this",
            "module.networking.module.ec2_sg.aws_security_group.this_name_prefix"
          ]
        },
        {
          "index_key": 1,
          "schema_version": 2,
          "attributes": {
            "cidr_blocks": [
              "0.0.0.0/0"
            ],
            "description": "HTTPS",
            "from_port": 443,
            "id": "sgrule-3421077377",
            "ipv6_cidr_blocks": [],
            "prefix_list_ids": [],
            "protocol": "tcp",
            "security_group_id": "sg-05b69171f62d0d26f",
            "self": false,
            "source_security_group_id": null,
            "to_port": 443,
            "type": "ingress"
          },
          "sensitive_attributes": [],
          "private": "eyJzY2hlbWFfdmVyc2lvbiI6IjIifQ==",
          "dependencies": [
            "module.networking.data.aws_vpc.default",
            "module.networking.module.ec2_sg.aws_security_group.this",
            "module.networking.module.ec2_sg.aws_security_group.this_name_prefix"
          ]
        },
        {
          "index_key": 2,
          "schema_version": 2,
          "attributes": {
            "cidr_blocks": [
              "0.0.0.0/0"
            ],
            "description": "All IPV4 ICMP",
            "from_port": -1,
            "id": "sgrule-2187718057",
            "ipv6_cidr_blocks": [],
            "prefix_list_ids": [],
            "protocol": "icmp",
            "security_group_id": "sg-05b69171f62d0d26f",
            "self": false,
            "source_security_group_id": null,
            "to_port": -1,
            "type": "ingress"
          },
          "sensitive_attributes": [],
          "private": "eyJzY2hlbWFfdmVyc2lvbiI6IjIifQ==",
          "dependencies": [
            "module.networking.data.aws_vpc.default",
            "module.networking.module.ec2_sg.aws_security_group.this",
            "module.networking.module.ec2_sg.aws_security_group.this_name_prefix"
          ]
        },
        {
          "index_key": 3,
          "schema_version": 2,
          "attributes": {
            "cidr_blocks": [
              "0.0.0.0/0"
            ],
            "description": "SSH",
            "from_port": 22,
            "id": "sgrule-4172024619",
            "ipv6_cidr_blocks": [],
            "prefix_list_ids": [],
            "protocol": "tcp",
            "security_group_id": "sg-05b69171f62d0d26f",
            "self": false,
            "source_security_group_id": null,
            "to_port": 22,
            "type": "ingress"
          },
          "sensitive_attributes": [],
          "private": "eyJzY2hlbWFfdmVyc2lvbiI6IjIifQ==",
          "dependencies": [
            "module.networking.module.ec2_sg.aws_security_group.this_name_prefix",
            "module.networking.data.aws_vpc.default",
            "module.networking.module.ec2_sg.aws_security_group.this"
          ]
        }
      ]
    },
    {
      "module": "module.ssh",
      "mode": "managed",
      "type": "local_file",
      "name": "private_key",
      "provider": "provider[\"registry.terraform.io/hashicorp/local\"]",
      "instances": [
        {
          "schema_version": 0,
          "attributes": {
            "content": "-----BEGIN RSA PRIVATE KEY-----\nMIIEpgIBAAKCAQEA0bQvTZyaGMbuqU9umtXM6JPMZ53m6yMTFX5hOyV+PvJtA4Ii\nc0TmVl+9gEH525Y9WjbgCUiSapg55vIirIKVcrRDoB8EXVrDvvCa9U3lOsIEM60U\nApRvKMF7I3MV3h2CinEWurpUjC1oaO2lGooOT4mo3Wbuypz2wrMFJBmEem9OUVZ+\njbHkgn2hZThKMhbJ5MPRrd55diXV4ZapYuSPWR3WT1h33ZMWXw6NwBMYOLT9/y7V\nI/zYKwzmo9EzmDFvq9wiTp/Ff8G83xu7DAxuRiTHP+HBVipVGQJQKR5vfOmMS565\nDWzclE7SpDrDpQQw7PkPQKw9oNCn93mqD7izdQIDAQABAoIBAQCi4ntvpHlJT5Pn\nrQwzdmhAKzU1MsA/2jGjm1O41mmWSUWF2RobQORNKPaP3i9OcgdbwI4Kh/U6mN04\n1tE6AABHZV+1ywHf5XVwJYGnkobAOh17ai/FxTgGhyq3oVfV/EP+dtL53Wt4qniU\nMCrzT1LIUxv4RVCrznoZR2Zx4OQ3GD8hD08A3OHbTnT1zt/ZrsJkZTyC+osdIUpo\nUvZIDQ+pB+WT6y336ZOLtBgpZzH1He+P7WYDeRPIT9s7GI/2bTIzyJ0XQ378JSDk\ndKlHy5cAXlE80DAFRZOIe65HcCF3lwBkxiq3isXYL63UcgUWyD8g53vqiMv3PhQD\nVwlLMRqNAoGBAPc2VmTYhmYN84TXboBQwjmpvtFbaY9C6T0JDBQr18WWafQD7i0b\norMoTZ+aBFmi4B9ZmAE6ZFIVMR1v26fWpH8YI/WbVvKzp4RZyu8fW3ANa6a8mEav\nXzG2Jc1q8CNJMNETDA8n7NnwwK9xa5IEguo7aDiGVoQoRjNI8t6ABIRrAoGBANko\nhB2hIpGmXrrx9Mm92lVyMb1PVqUdHLnJn6BHWifESLQQa+gp/u8fpGvzdZM9LR6q\nl9vowWh2d4uxnTtWd7/gZGHoUnZ0///gYKTq5EO1Bxu4NbdQUoJZGBHv9esVeE9r\nxm3xR8ysVAHqhMHeebFh8F11hRHdbpLop/5HBJ+fAoGBALbSjZPo+YPx310nwUXN\n88WXPlIwC2HydvE3hqJIRjuO4G6glXzwiiN6s+VLjtoHdT5aEOsflt+JYphFiCmY\nuHBxlu5lYij9Ke7cRRMQmpvEoQ9fPDJSMdFexpgi9NLzptGIB4wR17zZqnZVJ9uF\n0JePNaVP3B3CdyAoW8ym2jBfAoGBAJ3y7kVu0moGDJkFK/sg8BF+QddkQa1PA3nO\nwSAfRd/u0MLHvvTatubOqRUru7UgphTMGDCHl0WYBVPCGI70UZ1qZRkhlfk7GIjQ\ndvr9LpJgtY7f6ZIwBhNxIiTJ2KDouN1rkqSc/pBMN749CdrJKtJuXhpcRDG+UZLh\nTm+Q0DgZAoGBANAoqCAhbMWtXoWfJ7Sbw+8eNX7SoMTe/RawA8bYRO3isEpWs7Eu\n41fcpZiiGDqhl0prE5MhvEf3loUuV6u0bRCS0vXgz5K2yCXLBUrDSWvQOdZ4Twig\nQTBTN41BWsUoqLgl4qExsJMnob9n5u/01mBH/gxgDQQpUQY6BuAD+oe+\n-----END RSA PRIVATE KEY-----\n",
            "content_base64": null,
            "directory_permission": "0777",
            "file_permission": "0600",
            "filename": "ssh_keys/staging.pem",
            "id": "4532d1090489387ee8922da39216d6ffe19cfd28",
            "sensitive_content": null,
            "source": null
          },
          "sensitive_attributes": [
            [
              {
                "type": "get_attr",
                "value": "content"
              }
            ]
          ],
          "private": "bnVsbA==",
          "dependencies": [
            "module.ssh.tls_private_key.test"
          ]
        }
      ]
    },
    {
      "module": "module.ssh",
      "mode": "managed",
      "type": "tls_private_key",
      "name": "test",
      "provider": "provider[\"registry.terraform.io/hashicorp/tls\"]",
      "instances": [
        {
          "schema_version": 0,
          "attributes": {
            "algorithm": "RSA",
            "ecdsa_curve": "P224",
            "id": "3efc9aa9a7f6c5e096d32d4a721a64919ce982b5",
            "private_key_pem": "-----BEGIN RSA PRIVATE KEY-----\nMIIEpgIBAAKCAQEA0bQvTZyaGMbuqU9umtXM6JPMZ53m6yMTFX5hOyV+PvJtA4Ii\nc0TmVl+9gEH525Y9WjbgCUiSapg55vIirIKVcrRDoB8EXVrDvvCa9U3lOsIEM60U\nApRvKMF7I3MV3h2CinEWurpUjC1oaO2lGooOT4mo3Wbuypz2wrMFJBmEem9OUVZ+\njbHkgn2hZThKMhbJ5MPRrd55diXV4ZapYuSPWR3WT1h33ZMWXw6NwBMYOLT9/y7V\nI/zYKwzmo9EzmDFvq9wiTp/Ff8G83xu7DAxuRiTHP+HBVipVGQJQKR5vfOmMS565\nDWzclE7SpDrDpQQw7PkPQKw9oNCn93mqD7izdQIDAQABAoIBAQCi4ntvpHlJT5Pn\nrQwzdmhAKzU1MsA/2jGjm1O41mmWSUWF2RobQORNKPaP3i9OcgdbwI4Kh/U6mN04\n1tE6AABHZV+1ywHf5XVwJYGnkobAOh17ai/FxTgGhyq3oVfV/EP+dtL53Wt4qniU\nMCrzT1LIUxv4RVCrznoZR2Zx4OQ3GD8hD08A3OHbTnT1zt/ZrsJkZTyC+osdIUpo\nUvZIDQ+pB+WT6y336ZOLtBgpZzH1He+P7WYDeRPIT9s7GI/2bTIzyJ0XQ378JSDk\ndKlHy5cAXlE80DAFRZOIe65HcCF3lwBkxiq3isXYL63UcgUWyD8g53vqiMv3PhQD\nVwlLMRqNAoGBAPc2VmTYhmYN84TXboBQwjmpvtFbaY9C6T0JDBQr18WWafQD7i0b\norMoTZ+aBFmi4B9ZmAE6ZFIVMR1v26fWpH8YI/WbVvKzp4RZyu8fW3ANa6a8mEav\nXzG2Jc1q8CNJMNETDA8n7NnwwK9xa5IEguo7aDiGVoQoRjNI8t6ABIRrAoGBANko\nhB2hIpGmXrrx9Mm92lVyMb1PVqUdHLnJn6BHWifESLQQa+gp/u8fpGvzdZM9LR6q\nl9vowWh2d4uxnTtWd7/gZGHoUnZ0///gYKTq5EO1Bxu4NbdQUoJZGBHv9esVeE9r\nxm3xR8ysVAHqhMHeebFh8F11hRHdbpLop/5HBJ+fAoGBALbSjZPo+YPx310nwUXN\n88WXPlIwC2HydvE3hqJIRjuO4G6glXzwiiN6s+VLjtoHdT5aEOsflt+JYphFiCmY\nuHBxlu5lYij9Ke7cRRMQmpvEoQ9fPDJSMdFexpgi9NLzptGIB4wR17zZqnZVJ9uF\n0JePNaVP3B3CdyAoW8ym2jBfAoGBAJ3y7kVu0moGDJkFK/sg8BF+QddkQa1PA3nO\nwSAfRd/u0MLHvvTatubOqRUru7UgphTMGDCHl0WYBVPCGI70UZ1qZRkhlfk7GIjQ\ndvr9LpJgtY7f6ZIwBhNxIiTJ2KDouN1rkqSc/pBMN749CdrJKtJuXhpcRDG+UZLh\nTm+Q0DgZAoGBANAoqCAhbMWtXoWfJ7Sbw+8eNX7SoMTe/RawA8bYRO3isEpWs7Eu\n41fcpZiiGDqhl0prE5MhvEf3loUuV6u0bRCS0vXgz5K2yCXLBUrDSWvQOdZ4Twig\nQTBTN41BWsUoqLgl4qExsJMnob9n5u/01mBH/gxgDQQpUQY6BuAD+oe+\n-----END RSA PRIVATE KEY-----\n",
            "public_key_fingerprint_md5": "89:9d:b4:a9:db:f5:e7:0f:ba:80:5a:a7:52:c2:3e:8f",
            "public_key_openssh": "ssh-rsa AAAAB3NzaC1yc2EAAAADAQABAAABAQDRtC9NnJoYxu6pT26a1czok8xnnebrIxMVfmE7JX4+8m0DgiJzROZWX72AQfnblj1aNuAJSJJqmDnm8iKsgpVytEOgHwRdWsO+8Jr1TeU6wgQzrRQClG8owXsjcxXeHYKKcRa6ulSMLWho7aUaig5PiajdZu7KnPbCswUkGYR6b05RVn6NseSCfaFlOEoyFsnkw9Gt3nl2JdXhlqli5I9ZHdZPWHfdkxZfDo3AExg4tP3/LtUj/NgrDOaj0TOYMW+r3CJOn8V/wbzfG7sMDG5GJMc/4cFWKlUZAlApHm986YxLnrkNbNyUTtKkOsOlBDDs+Q9ArD2g0Kf3eaoPuLN1\n",
            "public_key_pem": "-----BEGIN PUBLIC KEY-----\nMIIBIjANBgkqhkiG9w0BAQEFAAOCAQ8AMIIBCgKCAQEA0bQvTZyaGMbuqU9umtXM\n6JPMZ53m6yMTFX5hOyV+PvJtA4Iic0TmVl+9gEH525Y9WjbgCUiSapg55vIirIKV\ncrRDoB8EXVrDvvCa9U3lOsIEM60UApRvKMF7I3MV3h2CinEWurpUjC1oaO2lGooO\nT4mo3Wbuypz2wrMFJBmEem9OUVZ+jbHkgn2hZThKMhbJ5MPRrd55diXV4ZapYuSP\nWR3WT1h33ZMWXw6NwBMYOLT9/y7VI/zYKwzmo9EzmDFvq9wiTp/Ff8G83xu7DAxu\nRiTHP+HBVipVGQJQKR5vfOmMS565DWzclE7SpDrDpQQw7PkPQKw9oNCn93mqD7iz\ndQIDAQAB\n-----END PUBLIC KEY-----\n",
            "rsa_bits": 2048
          },
          "sensitive_attributes": [],
          "private": "bnVsbA=="
        }
      ]
    }
  ]
}
