{
  "version": 4,
  "terraform_version": "1.1.3",
  "serial": 13,
  "lineage": "9dc4a058-07a4-6bb9-40f8-1cbe5598f3d4",
  "outputs": {
    "public_ip": {
      "value": "50.19.129.204",
      "type": "string"
    }
  },
  "resources": [
    {
      "module": "module.application",
      "mode": "managed",
      "type": "docker_container",
      "name": "app",
      "provider": "module.application.provider[\"registry.terraform.io/kreuzwerker/docker\"]",
      "instances": [
        {
          "schema_version": 2,
          "attributes": {
            "attach": false,
            "bridge": "",
            "capabilities": [],
            "command": [
              "/bin/sh",
              "-c",
              "bash -c \"bundle exec rackup\""
            ],
            "container_logs": null,
            "cpu_set": "",
            "cpu_shares": 0,
            "destroy_grace_seconds": null,
            "devices": [],
            "dns": null,
            "dns_opts": null,
            "dns_search": null,
            "domainname": "",
            "entrypoint": [],
            "env": [
              "PORT=4000"
            ],
            "exit_code": null,
            "gateway": "172.17.0.1",
            "group_add": null,
            "healthcheck": null,
            "host": [],
            "hostname": "ff530f23e1ca",
            "id": "ff530f23e1ca1143d1892a4b231b99663146e4213502ae417ae4acc023432558",
            "image": "sha256:8e974b752359bfd7620f0183bd6557905a6bcf8422bd0dd69fd08d2b891d245c",
            "init": false,
            "ip_address": "172.17.0.2",
            "ip_prefix_length": 16,
            "ipc_mode": "private",
            "labels": [],
            "links": null,
            "log_driver": "json-file",
            "log_opts": null,
            "logs": false,
            "max_retry_count": 0,
            "memory": 0,
            "memory_swap": 0,
            "mounts": [],
            "must_run": true,
            "name": "app",
            "network_alias": null,
            "network_data": [
              {
                "gateway": "172.17.0.1",
                "global_ipv6_address": "",
                "global_ipv6_prefix_length": 0,
                "ip_address": "172.17.0.2",
                "ip_prefix_length": 16,
                "ipv6_gateway": "",
                "network_name": "bridge"
              }
            ],
            "network_mode": "default",
            "networks": null,
            "networks_advanced": [],
            "pid_mode": "",
            "ports": [
              {
                "external": 80,
                "internal": 4000,
                "ip": "0.0.0.0",
                "protocol": "tcp"
              }
            ],
            "privileged": false,
            "publish_all_ports": false,
            "read_only": false,
            "remove_volumes": true,
            "restart": "unless-stopped",
            "rm": false,
            "security_opts": [],
            "shm_size": 64,
            "start": true,
            "stdin_open": false,
            "sysctls": null,
            "tmpfs": null,
            "tty": false,
            "ulimit": [],
            "upload": [],
            "user": "",
            "userns_mode": "",
            "volumes": [],
            "working_dir": "/app"
          },
          "sensitive_attributes": [],
          "private": "eyJzY2hlbWFfdmVyc2lvbiI6IjIifQ==",
          "dependencies": [
            "module.application.docker_image.app",
            "module.instance.aws_eip.eip"
          ]
        }
      ]
    },
    {
      "module": "module.application",
      "mode": "managed",
      "type": "docker_image",
      "name": "app",
      "provider": "module.application.provider[\"registry.terraform.io/kreuzwerker/docker\"]",
      "instances": [
        {
          "schema_version": 0,
          "attributes": {
            "build": [],
            "force_remove": null,
            "id": "sha256:8e974b752359bfd7620f0183bd6557905a6bcf8422bd0dd69fd08d2b891d245cblogtt/learn:1",
            "keep_locally": null,
            "latest": "sha256:8e974b752359bfd7620f0183bd6557905a6bcf8422bd0dd69fd08d2b891d245c",
            "name": "blogtt/learn:1",
            "output": null,
            "pull_trigger": null,
            "pull_triggers": null
          },
          "sensitive_attributes": [],
          "private": "bnVsbA==",
          "dependencies": [
            "module.instance.aws_eip.eip"
          ]
        }
      ]
    },
    {
      "module": "module.instance",
      "mode": "data",
      "type": "ct_config",
      "name": "config",
      "provider": "provider[\"registry.terraform.io/poseidon/ct\"]",
      "instances": [
        {
          "schema_version": 0,
          "attributes": {
            "content": "variant: fcos\nversion: 1.2.0\npasswd:\n  users:\n  - name: core\n    ssh_authorized_keys:\n    - ssh-rsa AAAAB3NzaC1yc2EAAAADAQABAAABgQD4SP9jXG1ILIquYvfKMSBepMmh7zjujivqq2k1wckDZvVmanv0Df7/qV2TrlL1jGkp5B6xUDVJuiFO3rZrCgToWynS1kdbiTD1WCVnpm9+ZIs8OyTXNCWrfZ6HZPn80eaSvv/3ufrGQocah/cVyuzw4SMHQllg6Gk9QGOQc9buqfeuBXVIr0wP0aqEFs2KFUxQYXnGz/wmRzosHADBhUrsLpmkYhOhSoY4NdXc2F9Pbh92K8cHSEVVnPwZSRaX6Ioe7HCvLbZEAUOGQqhHFBzdN2tw0mGyUOOjiNo+zq4Pu0stywu2QW3vqpatFGJaJZzirS7dgjMQFzfEK00lptcNP05iIKPmMuX0X4aJxSZg9J8FeLTwO2/9KVv0SaVDrCCwZTddmbAv0I64mpTBqlOysG4zhjrBjU/1Met3vV8DbHHIi3+GOp7MiUVH28p5h9ryZUfUVLUpP8yBEsosVlLuFO4/hw23QqL3gUf2ZphaVEzkuA0dsQv1mpG5BDnEDG0= instance_key\n\n    groups:\n      - docker",
            "id": "1128423545",
            "platform": null,
            "pretty_print": false,
            "rendered": "{\"ignition\":{\"version\":\"3.2.0\"},\"passwd\":{\"users\":[{\"groups\":[\"docker\"],\"name\":\"core\",\"sshAuthorizedKeys\":[\"ssh-rsa AAAAB3NzaC1yc2EAAAADAQABAAABgQD4SP9jXG1ILIquYvfKMSBepMmh7zjujivqq2k1wckDZvVmanv0Df7/qV2TrlL1jGkp5B6xUDVJuiFO3rZrCgToWynS1kdbiTD1WCVnpm9+ZIs8OyTXNCWrfZ6HZPn80eaSvv/3ufrGQocah/cVyuzw4SMHQllg6Gk9QGOQc9buqfeuBXVIr0wP0aqEFs2KFUxQYXnGz/wmRzosHADBhUrsLpmkYhOhSoY4NdXc2F9Pbh92K8cHSEVVnPwZSRaX6Ioe7HCvLbZEAUOGQqhHFBzdN2tw0mGyUOOjiNo+zq4Pu0stywu2QW3vqpatFGJaJZzirS7dgjMQFzfEK00lptcNP05iIKPmMuX0X4aJxSZg9J8FeLTwO2/9KVv0SaVDrCCwZTddmbAv0I64mpTBqlOysG4zhjrBjU/1Met3vV8DbHHIi3+GOp7MiUVH28p5h9ryZUfUVLUpP8yBEsosVlLuFO4/hw23QqL3gUf2ZphaVEzkuA0dsQv1mpG5BDnEDG0= instance_key\"]}]}}",
            "snippets": null,
            "strict": true
          },
          "sensitive_attributes": []
        }
      ]
    },
    {
      "module": "module.instance",
      "mode": "managed",
      "type": "aws_eip",
      "name": "eip",
      "provider": "provider[\"registry.terraform.io/hashicorp/aws\"]",
      "instances": [
        {
          "schema_version": 0,
          "attributes": {
            "address": null,
            "allocation_id": "eipalloc-0a8071e8afb652f5b",
            "associate_with_private_ip": null,
            "association_id": "eipassoc-010a4e2e87b201485",
            "carrier_ip": "",
            "customer_owned_ip": "",
            "customer_owned_ipv4_pool": "",
            "domain": "vpc",
            "id": "eipalloc-0a8071e8afb652f5b",
            "instance": "i-0c51491ea8f0b08cf",
            "network_border_group": "us-east-1",
            "network_interface": "eni-04ef512bb364b4fc9",
            "private_dns": "ip-172-31-82-14.ec2.internal",
            "private_ip": "172.31.82.14",
            "public_dns": "ec2-50-19-129-204.compute-1.amazonaws.com",
            "public_ip": "50.19.129.204",
            "public_ipv4_pool": "amazon",
            "tags": {},
            "tags_all": {},
            "timeouts": null,
            "vpc": true
          },
          "sensitive_attributes": [],
          "private": "eyJlMmJmYjczMC1lY2FhLTExZTYtOGY4OC0zNDM2M2JjN2M0YzAiOnsiZGVsZXRlIjoxODAwMDAwMDAwMDAsInJlYWQiOjkwMDAwMDAwMDAwMCwidXBkYXRlIjozMDAwMDAwMDAwMDB9fQ=="
        }
      ]
    },
    {
      "module": "module.instance",
      "mode": "managed",
      "type": "aws_eip_association",
      "name": "eip_assoc",
      "provider": "provider[\"registry.terraform.io/hashicorp/aws\"]",
      "instances": [
        {
          "schema_version": 0,
          "attributes": {
            "allocation_id": "eipalloc-0a8071e8afb652f5b",
            "allow_reassociation": null,
            "id": "eipassoc-010a4e2e87b201485",
            "instance_id": "i-0c51491ea8f0b08cf",
            "network_interface_id": "eni-04ef512bb364b4fc9",
            "private_ip_address": "172.31.82.14",
            "public_ip": "50.19.129.204"
          },
          "sensitive_attributes": [],
          "private": "bnVsbA==",
          "dependencies": [
            "module.networking.module.ec2_sg.aws_security_group.this",
            "module.networking.module.ec2_sg.aws_security_group.this_name_prefix",
            "module.instance.aws_eip.eip",
            "module.instance.aws_instance.app_server",
            "module.instance.data.ct_config.config",
            "module.networking.data.aws_vpc.default"
          ]
        }
      ]
    },
    {
      "module": "module.instance",
      "mode": "managed",
      "type": "aws_instance",
      "name": "app_server",
      "provider": "provider[\"registry.terraform.io/hashicorp/aws\"]",
      "instances": [
        {
          "schema_version": 1,
          "attributes": {
            "ami": "ami-09e2e5104f310ffb5",
            "arn": "arn:aws:ec2:us-east-1:940929664111:instance/i-0c51491ea8f0b08cf",
            "associate_public_ip_address": true,
            "availability_zone": "us-east-1a",
            "capacity_reservation_specification": [
              {
                "capacity_reservation_preference": "open",
                "capacity_reservation_target": []
              }
            ],
            "cpu_core_count": 1,
            "cpu_threads_per_core": 1,
            "credit_specification": [
              {
                "cpu_credits": "standard"
              }
            ],
            "disable_api_termination": false,
            "ebs_block_device": [],
            "ebs_optimized": false,
            "enclave_options": [
              {
                "enabled": false
              }
            ],
            "ephemeral_block_device": [],
            "get_password_data": false,
            "hibernation": false,
            "host_id": null,
            "iam_instance_profile": "",
            "id": "i-0c51491ea8f0b08cf",
            "instance_initiated_shutdown_behavior": "stop",
            "instance_state": "running",
            "instance_type": "t2.micro",
            "ipv6_address_count": 0,
            "ipv6_addresses": [],
            "key_name": "",
            "launch_template": [],
            "metadata_options": [
              {
                "http_endpoint": "enabled",
                "http_put_response_hop_limit": 1,
                "http_tokens": "optional",
                "instance_metadata_tags": "disabled"
              }
            ],
            "monitoring": false,
            "network_interface": [],
            "outpost_arn": "",
            "password_data": "",
            "placement_group": "",
            "placement_partition_number": null,
            "primary_network_interface_id": "eni-04ef512bb364b4fc9",
            "private_dns": "ip-172-31-82-14.ec2.internal",
            "private_ip": "172.31.82.14",
            "public_dns": "ec2-50-19-129-204.compute-1.amazonaws.com",
            "public_ip": "50.19.129.204",
            "root_block_device": [
              {
                "delete_on_termination": true,
                "device_name": "/dev/xvda",
                "encrypted": false,
                "iops": 100,
                "kms_key_id": "",
                "tags": {},
                "throughput": 0,
                "volume_id": "vol-09e9a090717fa0103",
                "volume_size": 10,
                "volume_type": "gp2"
              }
            ],
            "secondary_private_ips": [],
            "security_groups": [
              "ec2_sg-20220207052538895100000001"
            ],
            "source_dest_check": true,
            "subnet_id": "subnet-08a33d44a80f62e57",
            "tags": {
              "Name": "Study AppServer"
            },
            "tags_all": {
              "Name": "Study AppServer"
            },
            "tenancy": "default",
            "timeouts": null,
            "user_data": "d7b8c90bfae067c292975f067e30ab0ef1ee4812",
            "user_data_base64": null,
            "volume_tags": null,
            "vpc_security_group_ids": [
              "sg-05b69171f62d0d26f"
            ]
          },
          "sensitive_attributes": [],
          "private": "eyJlMmJmYjczMC1lY2FhLTExZTYtOGY4OC0zNDM2M2JjN2M0YzAiOnsiY3JlYXRlIjo2MDAwMDAwMDAwMDAsImRlbGV0ZSI6MTIwMDAwMDAwMDAwMCwidXBkYXRlIjo2MDAwMDAwMDAwMDB9LCJzY2hlbWFfdmVyc2lvbiI6IjEifQ==",
          "dependencies": [
            "module.instance.data.ct_config.config",
            "module.networking.data.aws_vpc.default",
            "module.networking.module.ec2_sg.aws_security_group.this",
            "module.networking.module.ec2_sg.aws_security_group.this_name_prefix"
          ]
        }
      ]
    },
    {
      "module": "module.networking",
      "mode": "data",
      "type": "aws_vpc",
      "name": "default",
      "provider": "provider[\"registry.terraform.io/hashicorp/aws\"]",
      "instances": [
        {
          "schema_version": 0,
          "attributes": {
            "arn": "arn:aws:ec2:us-east-1:940929664111:vpc/vpc-06dbe5d5c9732a64e",
            "cidr_block": "172.31.0.0/16",
            "cidr_block_associations": [
              {
                "association_id": "vpc-cidr-assoc-0715f7e76675a0ba0",
                "cidr_block": "172.31.0.0/16",
                "state": "associated"
              }
            ],
            "default": true,
            "dhcp_options_id": "dopt-012dfc367fa0b1c7c",
            "enable_dns_hostnames": true,
            "enable_dns_support": true,
            "filter": null,
            "id": "vpc-06dbe5d5c9732a64e",
            "instance_tenancy": "default",
            "ipv6_association_id": "",
            "ipv6_cidr_block": "",
            "main_route_table_id": "rtb-0e91c9ea2a5dd7946",
            "owner_id": "940929664111",
            "state": null,
            "tags": {}
          },
          "sensitive_attributes": []
        }
      ]
    },
    {
      "module": "module.networking.module.ec2_sg",
      "mode": "managed",
      "type": "aws_security_group",
      "name": "this_name_prefix",
      "provider": "provider[\"registry.terraform.io/hashicorp/aws\"]",
      "instances": [
        {
          "index_key": 0,
          "schema_version": 1,
          "attributes": {
            "arn": "arn:aws:ec2:us-east-1:940929664111:security-group/sg-05b69171f62d0d26f",
            "description": "Security group for ec2_sg",
            "egress": [
              {
                "cidr_blocks": [
                  "0.0.0.0/0"
                ],
                "description": "All protocols",
                "from_port": 0,
                "ipv6_cidr_blocks": [
                  "::/0"
                ],
                "prefix_list_ids": [],
                "protocol": "-1",
                "security_groups": [],
                "self": false,
                "to_port": 0
              }
            ],
            "id": "sg-05b69171f62d0d26f",
            "ingress": [
              {
                "cidr_blocks": [
                  "0.0.0.0/0"
                ],
                "description": "All IPV4 ICMP",
                "from_port": -1,
                "ipv6_cidr_blocks": [],
                "prefix_list_ids": [],
                "protocol": "icmp",
                "security_groups": [],
                "self": false,
                "to_port": -1
              },
              {
                "cidr_blocks": [
                  "0.0.0.0/0"
                ],
                "description": "HTTP",
                "from_port": 80,
                "ipv6_cidr_blocks": [],
                "prefix_list_ids": [],
                "protocol": "tcp",
                "security_groups": [],
                "self": false,
                "to_port": 80
              },
              {
                "cidr_blocks": [
                  "0.0.0.0/0"
                ],
                "description": "HTTPS",
                "from_port": 443,
                "ipv6_cidr_blocks": [],
                "prefix_list_ids": [],
                "protocol": "tcp",
                "security_groups": [],
                "self": false,
                "to_port": 443
              },
              {
                "cidr_blocks": [
                  "0.0.0.0/0"
                ],
                "description": "SSH",
                "from_port": 22,
                "ipv6_cidr_blocks": [],
                "prefix_list_ids": [],
                "protocol": "tcp",
                "security_groups": [],
                "self": false,
                "to_port": 22
              }
            ],
            "name": "ec2_sg-20220207052538895100000001",
            "name_prefix": "ec2_sg-",
            "owner_id": "940929664111",
            "revoke_rules_on_delete": false,
            "tags": {
              "Name": "ec2_sg"
            },
            "tags_all": {
              "Name": "ec2_sg"
            },
            "timeouts": {
              "create": "10m",
              "delete": "15m"
            },
            "vpc_id": "vpc-06dbe5d5c9732a64e"
          },
          "sensitive_attributes": [],
          "private": "eyJlMmJmYjczMC1lY2FhLTExZTYtOGY4OC0zNDM2M2JjN2M0YzAiOnsiY3JlYXRlIjo2MDAwMDAwMDAwMDAsImRlbGV0ZSI6OTAwMDAwMDAwMDAwfSwic2NoZW1hX3ZlcnNpb24iOiIxIn0=",
          "dependencies": [
            "module.networking.data.aws_vpc.default"
          ],
          "create_before_destroy": true
        }
      ]
    },
    {
      "module": "module.networking.module.ec2_sg",
      "mode": "managed",
      "type": "aws_security_group_rule",
      "name": "egress_rules",
      "provider": "provider[\"registry.terraform.io/hashicorp/aws\"]",
      "instances": [
        {
          "index_key": 0,
          "schema_version": 2,
          "attributes": {
            "cidr_blocks": [
              "0.0.0.0/0"
            ],
            "description": "All protocols",
            "from_port": 0,
            "id": "sgrule-4200199286",
            "ipv6_cidr_blocks": [
              "::/0"
            ],
            "prefix_list_ids": [],
            "protocol": "-1",
            "security_group_id": "sg-05b69171f62d0d26f",
            "self": false,
            "source_security_group_id": null,
            "to_port": 0,
            "type": "egress"
          },
          "sensitive_attributes": [],
          "private": "eyJzY2hlbWFfdmVyc2lvbiI6IjIifQ==",
          "dependencies": [
            "module.networking.data.aws_vpc.default",
            "module.networking.module.ec2_sg.aws_security_group.this",
            "module.networking.module.ec2_sg.aws_security_group.this_name_prefix"
          ]
        }
      ]
    },
    {
      "module": "module.networking.module.ec2_sg",
      "mode": "managed",
      "type": "aws_security_group_rule",
      "name": "ingress_rules",
      "provider": "provider[\"registry.terraform.io/hashicorp/aws\"]",
      "instances": [
        {
          "index_key": 0,
          "schema_version": 2,
          "attributes": {
            "cidr_blocks": [
              "0.0.0.0/0"
            ],
            "description": "HTTP",
            "from_port": 80,
            "id": "sgrule-1311135390",
            "ipv6_cidr_blocks": [],
            "prefix_list_ids": [],
            "protocol": "tcp",
            "security_group_id": "sg-05b69171f62d0d26f",
            "self": false,
            "source_security_group_id": null,
            "to_port": 80,
            "type": "ingress"
          },
          "sensitive_attributes": [],
          "private": "eyJzY2hlbWFfdmVyc2lvbiI6IjIifQ==",
          "dependencies": [
            "module.networking.data.aws_vpc.default",
            "module.networking.module.ec2_sg.aws_security_group.this",
            "module.networking.module.ec2_sg.aws_security_group.this_name_prefix"
          ]
        },
        {
          "index_key": 1,
          "schema_version": 2,
          "attributes": {
            "cidr_blocks": [
              "0.0.0.0/0"
            ],
            "description": "HTTPS",
            "from_port": 443,
            "id": "sgrule-3421077377",
            "ipv6_cidr_blocks": [],
            "prefix_list_ids": [],
            "protocol": "tcp",
            "security_group_id": "sg-05b69171f62d0d26f",
            "self": false,
            "source_security_group_id": null,
            "to_port": 443,
            "type": "ingress"
          },
          "sensitive_attributes": [],
          "private": "eyJzY2hlbWFfdmVyc2lvbiI6IjIifQ==",
          "dependencies": [
            "module.networking.module.ec2_sg.aws_security_group.this",
            "module.networking.module.ec2_sg.aws_security_group.this_name_prefix",
            "module.networking.data.aws_vpc.default"
          ]
        },
        {
          "index_key": 2,
          "schema_version": 2,
          "attributes": {
            "cidr_blocks": [
              "0.0.0.0/0"
            ],
            "description": "All IPV4 ICMP",
            "from_port": -1,
            "id": "sgrule-2187718057",
            "ipv6_cidr_blocks": [],
            "prefix_list_ids": [],
            "protocol": "icmp",
            "security_group_id": "sg-05b69171f62d0d26f",
            "self": false,
            "source_security_group_id": null,
            "to_port": -1,
            "type": "ingress"
          },
          "sensitive_attributes": [],
          "private": "eyJzY2hlbWFfdmVyc2lvbiI6IjIifQ==",
          "dependencies": [
            "module.networking.data.aws_vpc.default",
            "module.networking.module.ec2_sg.aws_security_group.this",
            "module.networking.module.ec2_sg.aws_security_group.this_name_prefix"
          ]
        },
        {
          "index_key": 3,
          "schema_version": 2,
          "attributes": {
            "cidr_blocks": [
              "0.0.0.0/0"
            ],
            "description": "SSH",
            "from_port": 22,
            "id": "sgrule-4172024619",
            "ipv6_cidr_blocks": [],
            "prefix_list_ids": [],
            "protocol": "tcp",
            "security_group_id": "sg-05b69171f62d0d26f",
            "self": false,
            "source_security_group_id": null,
            "to_port": 22,
            "type": "ingress"
          },
          "sensitive_attributes": [],
          "private": "eyJzY2hlbWFfdmVyc2lvbiI6IjIifQ==",
          "dependencies": [
            "module.networking.data.aws_vpc.default",
            "module.networking.module.ec2_sg.aws_security_group.this",
            "module.networking.module.ec2_sg.aws_security_group.this_name_prefix"
          ]
        }
      ]
    }
  ]
}
